
Microsoft Visual Studio Solution File, Format Version 12.00
# Visual Studio Version 16
VisualStudioVersion = 16.0.30907.101
MinimumVisualStudioVersion = 10.0.40219.1
Project("{FAE04EC0-301F-11D3-BF4B-00C04F79EFBC}") = "WSR_2021", "WSR_2021\WSR_2021.csproj", "{BC9937FD-6875-4113-979E-12CD1943DC28}"
EndProject
Global
	GlobalSection(SolutionConfigurationPlatforms) = preSolution
		Debug|Any CPU = Debug|Any CPU
		Release|Any CPU = Release|Any CPU
	EndGlobalSection
	GlobalSection(ProjectConfigurationPlatforms) = postSolution
		{BC9937FD-6875-4113-979E-12CD1943DC28}.Debug|Any CPU.ActiveCfg = Debug|Any CPU
		{BC9937FD-6875-4113-979E-12CD1943DC28}.Debug|Any CPU.Build.0 = Debug|Any CPU
		{BC9937FD-6875-4113-979E-12CD1943DC28}.Release|Any CPU.ActiveCfg = Release|Any CPU
		{BC9937FD-6875-4113-979E-12CD1943DC28}.Release|Any CPU.Build.0 = Release|Any CPU
	EndGlobalSection
	GlobalSection(SolutionProperties) = preSolution
		HideSolutionNode = FALSE
	EndGlobalSection
	GlobalSection(ExtensibilityGlobals) = postSolution
		SolutionGuid = {0C4F7592-DEEB-4E26-A616-3BEB389D141B}
	EndGlobalSection
EndGlobal
